Microsoft Visual Studio Solution File, Format Version 12.00
# Visual Studio 2012
Project("{E24C65DC-7377-472B-9ABA-BC803B73C61A}") = "SampleSite\", "SampleSite\", "{799EFC12-7D84-45A2-80BE-99DE7747C912}"
	ProjectSection(WebsiteProperties) = preProject
		TargetFrameworkMoniker = ".NETFramework,Version%3Dv4.5"
		ProjectReferences = "{c02a67bc-2379-4d37-983c-18c4053552af}|CustomGridView.dll;"
		Debug.AspNetCompiler.VirtualPath = "/SampleSite"
		Debug.AspNetCompiler.PhysicalPath = "SampleSite\"
		Debug.AspNetCompiler.TargetPath = "PrecompiledWeb\SampleSite\"
		Debug.AspNetCompiler.Updateable = "true"
		Debug.AspNetCompiler.ForceOverwrite = "true"
		Debug.AspNetCompiler.FixedNames = "false"
		Debug.AspNetCompiler.Debug = "True"
		Release.AspNetCompiler.VirtualPath = "/SampleSite"
		Release.AspNetCompiler.PhysicalPath = "SampleSite\"
		Release.AspNetCompiler.TargetPath = "PrecompiledWeb\SampleSite\"
		Release.AspNetCompiler.Updateable = "true"
		Release.AspNetCompiler.ForceOverwrite = "true"
		Release.AspNetCompiler.FixedNames = "false"
		Release.AspNetCompiler.Debug = "False"
		VWDPort = "51060"
	EndProjectSection
EndProject
Project("{F184B08F-C81C-45F6-A57F-5ABD9991F28F}") = "CustomGridView", "CustomGridView\CustomGridView.vbproj", "{C02A67BC-2379-4D37-983C-18C4053552AF}"
EndProject
Global
	GlobalSection(SolutionConfigurationPlatforms) = preSolution
		Debug|Any CPU = Debug|Any CPU
		Release|Any CPU = Release|Any CPU
	EndGlobalSection
	GlobalSection(ProjectConfigurationPlatforms) = postSolution
		{799EFC12-7D84-45A2-80BE-99DE7747C912}.Debug|Any CPU.ActiveCfg = Debug|Any CPU
		{799EFC12-7D84-45A2-80BE-99DE7747C912}.Debug|Any CPU.Build.0 = Debug|Any CPU
		{799EFC12-7D84-45A2-80BE-99DE7747C912}.Release|Any CPU.ActiveCfg = Debug|Any CPU
		{799EFC12-7D84-45A2-80BE-99DE7747C912}.Release|Any CPU.Build.0 = Debug|Any CPU
		{C02A67BC-2379-4D37-983C-18C4053552AF}.Debug|Any CPU.ActiveCfg = Debug|Any CPU
		{C02A67BC-2379-4D37-983C-18C4053552AF}.Debug|Any CPU.Build.0 = Debug|Any CPU
		{C02A67BC-2379-4D37-983C-18C4053552AF}.Release|Any CPU.ActiveCfg = Release|Any CPU
		{C02A67BC-2379-4D37-983C-18C4053552AF}.Release|Any CPU.Build.0 = Release|Any CPU
	EndGlobalSection
	GlobalSection(SolutionProperties) = preSolution
		HideSolutionNode = FALSE
	EndGlobalSection
EndGlobal
